
Microsoft Visual Studio Solution File, Format Version 12.00
# Visual Studio Version 16
VisualStudioVersion = 16.0.29609.76
MinimumVisualStudioVersion = 10.0.40219.1
Project("{9A19103F-16F7-4668-BE54-9A1E7A4F7556}") = "Yd.Extensions", "Yd.Extensions\Yd.Extensions.csproj", "{532071FC-A8F7-4539-AFB4-F30DF538E0DD}"
EndProject
Project("{9A19103F-16F7-4668-BE54-9A1E7A4F7556}") = "Gentings", "..\Gentings\Gentings\Gentings.csproj", "{1C7E509A-6E88-487F-8472-8DC59D7E891B}"
EndProject
Project("{9A19103F-16F7-4668-BE54-9A1E7A4F7556}") = "Gentings.Storages", "..\gentings\Gentings.Storages\Gentings.Storages.csproj", "{B671C641-69E2-422A-A12B-06DB8ED60728}"
EndProject
Project("{9A19103F-16F7-4668-BE54-9A1E7A4F7556}") = "Yd.Apis", "Yd.Apis\Yd.Apis.csproj", "{E43C2AA1-6F9A-4653-BEB1-A857D46646CD}"
EndProject
Project("{2150E333-8FDC-42A3-9474-1A3956D46DE8}") = "lib", "lib", "{845EE051-7F8F-4333-9380-CD321DD44F6A}"
EndProject
Project("{2150E333-8FDC-42A3-9474-1A3956D46DE8}") = "apis", "apis", "{A580B090-1E9E-4E0A-A2D2-7B5959BDFEB3}"
EndProject
Project("{9A19103F-16F7-4668-BE54-9A1E7A4F7556}") = "Yd.WebUI", "Yd.WebUI\Yd.WebUI.csproj", "{D5A240AB-C572-4BFC-854B-DF0BAFAB535C}"
EndProject
Project("{9A19103F-16F7-4668-BE54-9A1E7A4F7556}") = "Yd", "Yd\Yd.csproj", "{5BBEE255-EEF7-4E0F-BFAC-AA3D364C5E46}"
EndProject
Project("{9A19103F-16F7-4668-BE54-9A1E7A4F7556}") = "Gentings.AspNetCore", "..\gentings\Gentings.AspNetCore\Gentings.AspNetCore.csproj", "{54E53C15-E164-40C6-A928-9C85FCB90478}"
EndProject
Project("{9A19103F-16F7-4668-BE54-9A1E7A4F7556}") = "Yd.Extensions.WebApis", "Yd.Extensions.WebApis\Yd.Extensions.WebApis.csproj", "{30F1CB26-ED96-4107-A9A0-D4C8D0CF9E4D}"
EndProject
Project("{9A19103F-16F7-4668-BE54-9A1E7A4F7556}") = "Gentings.Extensions", "..\gentings\Gentings.Extensions\Gentings.Extensions.csproj", "{88764CF1-5E44-4C73-8EEF-6B9EAFAD6D36}"
EndProject
Project("{9A19103F-16F7-4668-BE54-9A1E7A4F7556}") = "Gentings.Data.SqlServer", "..\gentings\Gentings.Data.SqlServer\Gentings.Data.SqlServer.csproj", "{B6562736-4D3A-4D31-805B-979A74371BF8}"
EndProject
Project("{9A19103F-16F7-4668-BE54-9A1E7A4F7556}") = "Gentings.Extensions.Emails", "..\gentings\Gentings.Extensions.Emails\Gentings.Extensions.Emails.csproj", "{EF95A6A9-E051-4E16-8DB4-5B9094F5473F}"
EndProject
Project("{9A19103F-16F7-4668-BE54-9A1E7A4F7556}") = "Gentings.Extensions.SensitiveWords", "..\gentings\Gentings.Extensions.SensitiveWords\Gentings.Extensions.SensitiveWords.csproj", "{5DA3B252-2AE8-4DBA-95D2-AA9AB92056C2}"
EndProject
Project("{9A19103F-16F7-4668-BE54-9A1E7A4F7556}") = "Gentings.Extensions.SMS", "..\gentings\Gentings.Extensions.SMS\Gentings.Extensions.SMS.csproj", "{87C9A1C6-6E01-45FE-8FCA-EE200DAA3CF5}"
EndProject
Project("{9A19103F-16F7-4668-BE54-9A1E7A4F7556}") = "Gentings.RabbitMQ", "..\gentings\Gentings.RabbitMQ\Gentings.RabbitMQ.csproj", "{DEEA8772-F5B2-41D3-8FF1-BF7B40892943}"
EndProject
Project("{9A19103F-16F7-4668-BE54-9A1E7A4F7556}") = "Gentings.Saas", "..\gentings\Gentings.Saas\Gentings.Saas.csproj", "{51D83B74-9E29-4CC7-A3E5-CFB63D6F68B0}"
EndProject
Project("{9A19103F-16F7-4668-BE54-9A1E7A4F7556}") = "Gentings.Security", "..\gentings\Gentings.Security\Gentings.Security.csproj", "{34F6085A-4DD1-4B41-91A3-F7B03F8D5960}"
EndProject
Project("{9A19103F-16F7-4668-BE54-9A1E7A4F7556}") = "Gentings.Utilities", "..\gentings\Gentings.Utilities\Gentings.Utilities.csproj", "{33124124-5E5A-489B-A337-71D6CDC2E91C}"
EndProject
Project("{9A19103F-16F7-4668-BE54-9A1E7A4F7556}") = "Gentings.Extensions.OpenServices", "..\gentings\Gentings.Extensions.OpenServices\Gentings.Extensions.OpenServices.csproj", "{D40F429A-6657-4AB4-BA0F-7CF3F1EC2871}"
EndProject
Project("{9A19103F-16F7-4668-BE54-9A1E7A4F7556}") = "Yd.AspNetCore.Security", "Yd.AspNetCore.Security\Yd.AspNetCore.Security.csproj", "{4F7D22E2-ABAC-43BA-ACC2-BC3947844483}"
EndProject
Project("{9A19103F-16F7-4668-BE54-9A1E7A4F7556}") = "Yd.AspNetCore.Emails", "Yd.AspNetCore.Emails\Yd.AspNetCore.Emails.csproj", "{588608A8-7718-4CA9-9118-B003C60CAF9F}"
EndProject
Project("{9A19103F-16F7-4668-BE54-9A1E7A4F7556}") = "Yd.AspNetCore", "Yd.AspNetCore\Yd.AspNetCore.csproj", "{916C9368-7481-4DF4-BFC3-59382AC0430D}"
EndProject
Project("{9A19103F-16F7-4668-BE54-9A1E7A4F7556}") = "Yd.AspNetCore.OpenServices", "Yd.AspNetCore.OpenServices\Yd.AspNetCore.OpenServices.csproj", "{F266265B-EA84-47DE-87C6-E069DBEFFBEF}"
EndProject
Project("{9A19103F-16F7-4668-BE54-9A1E7A4F7556}") = "Yd.AspNetCore.Storages", "Yd.AspNetCore.Storages\Yd.AspNetCore.Storages.csproj", "{1B751923-52F9-42A3-9934-88E58FBE5991}"
EndProject
Global
	GlobalSection(SolutionConfigurationPlatforms) = preSolution
		Debug|Any CPU = Debug|Any CPU
		Debug|x64 = Debug|x64
		Release|Any CPU = Release|Any CPU
		Release|x64 = Release|x64
	EndGlobalSection
	GlobalSection(ProjectConfigurationPlatforms) = postSolution
		{532071FC-A8F7-4539-AFB4-F30DF538E0DD}.Debug|Any CPU.ActiveCfg = Debug|Any CPU
		{532071FC-A8F7-4539-AFB4-F30DF538E0DD}.Debug|Any CPU.Build.0 = Debug|Any CPU
		{532071FC-A8F7-4539-AFB4-F30DF538E0DD}.Debug|x64.ActiveCfg = Debug|Any CPU
		{532071FC-A8F7-4539-AFB4-F30DF538E0DD}.Debug|x64.Build.0 = Debug|Any CPU
		{532071FC-A8F7-4539-AFB4-F30DF538E0DD}.Release|Any CPU.ActiveCfg = Release|Any CPU
		{532071FC-A8F7-4539-AFB4-F30DF538E0DD}.Release|Any CPU.Build.0 = Release|Any CPU
		{532071FC-A8F7-4539-AFB4-F30DF538E0DD}.Release|x64.ActiveCfg = Release|Any CPU
		{532071FC-A8F7-4539-AFB4-F30DF538E0DD}.Release|x64.Build.0 = Release|Any CPU
		{1C7E509A-6E88-487F-8472-8DC59D7E891B}.Debug|Any CPU.ActiveCfg = Debug|Any CPU
		{1C7E509A-6E88-487F-8472-8DC59D7E891B}.Debug|Any CPU.Build.0 = Debug|Any CPU
		{1C7E509A-6E88-487F-8472-8DC59D7E891B}.Debug|x64.ActiveCfg = Debug|Any CPU
		{1C7E509A-6E88-487F-8472-8DC59D7E891B}.Debug|x64.Build.0 = Debug|Any CPU
		{1C7E509A-6E88-487F-8472-8DC59D7E891B}.Release|Any CPU.ActiveCfg = Release|Any CPU
		{1C7E509A-6E88-487F-8472-8DC59D7E891B}.Release|Any CPU.Build.0 = Release|Any CPU
		{1C7E509A-6E88-487F-8472-8DC59D7E891B}.Release|x64.ActiveCfg = Release|Any CPU
		{1C7E509A-6E88-487F-8472-8DC59D7E891B}.Release|x64.Build.0 = Release|Any CPU
		{B671C641-69E2-422A-A12B-06DB8ED60728}.Debug|Any CPU.ActiveCfg = Debug|Any CPU
		{B671C641-69E2-422A-A12B-06DB8ED60728}.Debug|Any CPU.Build.0 = Debug|Any CPU
		{B671C641-69E2-422A-A12B-06DB8ED60728}.Debug|x64.ActiveCfg = Debug|Any CPU
		{B671C641-69E2-422A-A12B-06DB8ED60728}.Debug|x64.Build.0 = Debug|Any CPU
		{B671C641-69E2-422A-A12B-06DB8ED60728}.Release|Any CPU.ActiveCfg = Release|Any CPU
		{B671C641-69E2-422A-A12B-06DB8ED60728}.Release|Any CPU.Build.0 = Release|Any CPU
		{B671C641-69E2-422A-A12B-06DB8ED60728}.Release|x64.ActiveCfg = Release|Any CPU
		{B671C641-69E2-422A-A12B-06DB8ED60728}.Release|x64.Build.0 = Release|Any CPU
		{E43C2AA1-6F9A-4653-BEB1-A857D46646CD}.Debug|Any CPU.ActiveCfg = Debug|Any CPU
		{E43C2AA1-6F9A-4653-BEB1-A857D46646CD}.Debug|Any CPU.Build.0 = Debug|Any CPU
		{E43C2AA1-6F9A-4653-BEB1-A857D46646CD}.Debug|x64.ActiveCfg = Debug|Any CPU
		{E43C2AA1-6F9A-4653-BEB1-A857D46646CD}.Debug|x64.Build.0 = Debug|Any CPU
		{E43C2AA1-6F9A-4653-BEB1-A857D46646CD}.Release|Any CPU.ActiveCfg = Release|Any CPU
		{E43C2AA1-6F9A-4653-BEB1-A857D46646CD}.Release|Any CPU.Build.0 = Release|Any CPU
		{E43C2AA1-6F9A-4653-BEB1-A857D46646CD}.Release|x64.ActiveCfg = Release|Any CPU
		{E43C2AA1-6F9A-4653-BEB1-A857D46646CD}.Release|x64.Build.0 = Release|Any CPU
		{D5A240AB-C572-4BFC-854B-DF0BAFAB535C}.Debug|Any CPU.ActiveCfg = Debug|Any CPU
		{D5A240AB-C572-4BFC-854B-DF0BAFAB535C}.Debug|Any CPU.Build.0 = Debug|Any CPU
		{D5A240AB-C572-4BFC-854B-DF0BAFAB535C}.Debug|x64.ActiveCfg = Debug|Any CPU
		{D5A240AB-C572-4BFC-854B-DF0BAFAB535C}.Debug|x64.Build.0 = Debug|Any CPU
		{D5A240AB-C572-4BFC-854B-DF0BAFAB535C}.Release|Any CPU.ActiveCfg = Release|Any CPU
		{D5A240AB-C572-4BFC-854B-DF0BAFAB535C}.Release|Any CPU.Build.0 = Release|Any CPU
		{D5A240AB-C572-4BFC-854B-DF0BAFAB535C}.Release|x64.ActiveCfg = Release|Any CPU
		{D5A240AB-C572-4BFC-854B-DF0BAFAB535C}.Release|x64.Build.0 = Release|Any CPU
		{5BBEE255-EEF7-4E0F-BFAC-AA3D364C5E46}.Debug|Any CPU.ActiveCfg = Debug|Any CPU
		{5BBEE255-EEF7-4E0F-BFAC-AA3D364C5E46}.Debug|Any CPU.Build.0 = Debug|Any CPU
		{5BBEE255-EEF7-4E0F-BFAC-AA3D364C5E46}.Debug|x64.ActiveCfg = Debug|Any CPU
		{5BBEE255-EEF7-4E0F-BFAC-AA3D364C5E46}.Debug|x64.Build.0 = Debug|Any CPU
		{5BBEE255-EEF7-4E0F-BFAC-AA3D364C5E46}.Release|Any CPU.ActiveCfg = Release|Any CPU
		{5BBEE255-EEF7-4E0F-BFAC-AA3D364C5E46}.Release|Any CPU.Build.0 = Release|Any CPU
		{5BBEE255-EEF7-4E0F-BFAC-AA3D364C5E46}.Release|x64.ActiveCfg = Release|Any CPU
		{5BBEE255-EEF7-4E0F-BFAC-AA3D364C5E46}.Release|x64.Build.0 = Release|Any CPU
		{54E53C15-E164-40C6-A928-9C85FCB90478}.Debug|Any CPU.ActiveCfg = Debug|Any CPU
		{54E53C15-E164-40C6-A928-9C85FCB90478}.Debug|Any CPU.Build.0 = Debug|Any CPU
		{54E53C15-E164-40C6-A928-9C85FCB90478}.Debug|x64.ActiveCfg = Debug|Any CPU
		{54E53C15-E164-40C6-A928-9C85FCB90478}.Debug|x64.Build.0 = Debug|Any CPU
		{54E53C15-E164-40C6-A928-9C85FCB90478}.Release|Any CPU.ActiveCfg = Release|Any CPU
		{54E53C15-E164-40C6-A928-9C85FCB90478}.Release|Any CPU.Build.0 = Release|Any CPU
		{54E53C15-E164-40C6-A928-9C85FCB90478}.Release|x64.ActiveCfg = Release|Any CPU
		{54E53C15-E164-40C6-A928-9C85FCB90478}.Release|x64.Build.0 = Release|Any CPU
		{30F1CB26-ED96-4107-A9A0-D4C8D0CF9E4D}.Debug|Any CPU.ActiveCfg = Debug|Any CPU
		{30F1CB26-ED96-4107-A9A0-D4C8D0CF9E4D}.Debug|Any CPU.Build.0 = Debug|Any CPU
		{30F1CB26-ED96-4107-A9A0-D4C8D0CF9E4D}.Debug|x64.ActiveCfg = Debug|Any CPU
		{30F1CB26-ED96-4107-A9A0-D4C8D0CF9E4D}.Debug|x64.Build.0 = Debug|Any CPU
		{30F1CB26-ED96-4107-A9A0-D4C8D0CF9E4D}.Release|Any CPU.ActiveCfg = Release|Any CPU
		{30F1CB26-ED96-4107-A9A0-D4C8D0CF9E4D}.Release|Any CPU.Build.0 = Release|Any CPU
		{30F1CB26-ED96-4107-A9A0-D4C8D0CF9E4D}.Release|x64.ActiveCfg = Release|Any CPU
		{30F1CB26-ED96-4107-A9A0-D4C8D0CF9E4D}.Release|x64.Build.0 = Release|Any CPU
		{88764CF1-5E44-4C73-8EEF-6B9EAFAD6D36}.Debug|Any CPU.ActiveCfg = Debug|Any CPU
		{88764CF1-5E44-4C73-8EEF-6B9EAFAD6D36}.Debug|Any CPU.Build.0 = Debug|Any CPU
		{88764CF1-5E44-4C73-8EEF-6B9EAFAD6D36}.Debug|x64.ActiveCfg = Debug|Any CPU
		{88764CF1-5E44-4C73-8EEF-6B9EAFAD6D36}.Debug|x64.Build.0 = Debug|Any CPU
		{88764CF1-5E44-4C73-8EEF-6B9EAFAD6D36}.Release|Any CPU.ActiveCfg = Release|Any CPU
		{88764CF1-5E44-4C73-8EEF-6B9EAFAD6D36}.Release|Any CPU.Build.0 = Release|Any CPU
		{88764CF1-5E44-4C73-8EEF-6B9EAFAD6D36}.Release|x64.ActiveCfg = Release|Any CPU
		{88764CF1-5E44-4C73-8EEF-6B9EAFAD6D36}.Release|x64.Build.0 = Release|Any CPU
		{B6562736-4D3A-4D31-805B-979A74371BF8}.Debug|Any CPU.ActiveCfg = Debug|Any CPU
		{B6562736-4D3A-4D31-805B-979A74371BF8}.Debug|Any CPU.Build.0 = Debug|Any CPU
		{B6562736-4D3A-4D31-805B-979A74371BF8}.Debug|x64.ActiveCfg = Debug|Any CPU
		{B6562736-4D3A-4D31-805B-979A74371BF8}.Debug|x64.Build.0 = Debug|Any CPU
		{B6562736-4D3A-4D31-805B-979A74371BF8}.Release|Any CPU.ActiveCfg = Release|Any CPU
		{B6562736-4D3A-4D31-805B-979A74371BF8}.Release|Any CPU.Build.0 = Release|Any CPU
		{B6562736-4D3A-4D31-805B-979A74371BF8}.Release|x64.ActiveCfg = Release|Any CPU
		{B6562736-4D3A-4D31-805B-979A74371BF8}.Release|x64.Build.0 = Release|Any CPU
		{EF95A6A9-E051-4E16-8DB4-5B9094F5473F}.Debug|Any CPU.ActiveCfg = Debug|Any CPU
		{EF95A6A9-E051-4E16-8DB4-5B9094F5473F}.Debug|Any CPU.Build.0 = Debug|Any CPU
		{EF95A6A9-E051-4E16-8DB4-5B9094F5473F}.Debug|x64.ActiveCfg = Debug|Any CPU
		{EF95A6A9-E051-4E16-8DB4-5B9094F5473F}.Debug|x64.Build.0 = Debug|Any CPU
		{EF95A6A9-E051-4E16-8DB4-5B9094F5473F}.Release|Any CPU.ActiveCfg = Release|Any CPU
		{EF95A6A9-E051-4E16-8DB4-5B9094F5473F}.Release|Any CPU.Build.0 = Release|Any CPU
		{EF95A6A9-E051-4E16-8DB4-5B9094F5473F}.Release|x64.ActiveCfg = Release|Any CPU
		{EF95A6A9-E051-4E16-8DB4-5B9094F5473F}.Release|x64.Build.0 = Release|Any CPU
		{5DA3B252-2AE8-4DBA-95D2-AA9AB92056C2}.Debug|Any CPU.ActiveCfg = Debug|Any CPU
		{5DA3B252-2AE8-4DBA-95D2-AA9AB92056C2}.Debug|Any CPU.Build.0 = Debug|Any CPU
		{5DA3B252-2AE8-4DBA-95D2-AA9AB92056C2}.Debug|x64.ActiveCfg = Debug|Any CPU
		{5DA3B252-2AE8-4DBA-95D2-AA9AB92056C2}.Debug|x64.Build.0 = Debug|Any CPU
		{5DA3B252-2AE8-4DBA-95D2-AA9AB92056C2}.Release|Any CPU.ActiveCfg = Release|Any CPU
		{5DA3B252-2AE8-4DBA-95D2-AA9AB92056C2}.Release|Any CPU.Build.0 = Release|Any CPU
		{5DA3B252-2AE8-4DBA-95D2-AA9AB92056C2}.Release|x64.ActiveCfg = Release|Any CPU
		{5DA3B252-2AE8-4DBA-95D2-AA9AB92056C2}.Release|x64.Build.0 = Release|Any CPU
		{87C9A1C6-6E01-45FE-8FCA-EE200DAA3CF5}.Debug|Any CPU.ActiveCfg = Debug|Any CPU
		{87C9A1C6-6E01-45FE-8FCA-EE200DAA3CF5}.Debug|Any CPU.Build.0 = Debug|Any CPU
		{87C9A1C6-6E01-45FE-8FCA-EE200DAA3CF5}.Debug|x64.ActiveCfg = Debug|Any CPU
		{87C9A1C6-6E01-45FE-8FCA-EE200DAA3CF5}.Debug|x64.Build.0 = Debug|Any CPU
		{87C9A1C6-6E01-45FE-8FCA-EE200DAA3CF5}.Release|Any CPU.ActiveCfg = Release|Any CPU
		{87C9A1C6-6E01-45FE-8FCA-EE200DAA3CF5}.Release|Any CPU.Build.0 = Release|Any CPU
		{87C9A1C6-6E01-45FE-8FCA-EE200DAA3CF5}.Release|x64.ActiveCfg = Release|Any CPU
		{87C9A1C6-6E01-45FE-8FCA-EE200DAA3CF5}.Release|x64.Build.0 = Release|Any CPU
		{DEEA8772-F5B2-41D3-8FF1-BF7B40892943}.Debug|Any CPU.ActiveCfg = Debug|Any CPU
		{DEEA8772-F5B2-41D3-8FF1-BF7B40892943}.Debug|Any CPU.Build.0 = Debug|Any CPU
		{DEEA8772-F5B2-41D3-8FF1-BF7B40892943}.Debug|x64.ActiveCfg = Debug|Any CPU
		{DEEA8772-F5B2-41D3-8FF1-BF7B40892943}.Debug|x64.Build.0 = Debug|Any CPU
		{DEEA8772-F5B2-41D3-8FF1-BF7B40892943}.Release|Any CPU.ActiveCfg = Release|Any CPU
		{DEEA8772-F5B2-41D3-8FF1-BF7B40892943}.Release|Any CPU.Build.0 = Release|Any CPU
		{DEEA8772-F5B2-41D3-8FF1-BF7B40892943}.Release|x64.ActiveCfg = Release|Any CPU
		{DEEA8772-F5B2-41D3-8FF1-BF7B40892943}.Release|x64.Build.0 = Release|Any CPU
		{51D83B74-9E29-4CC7-A3E5-CFB63D6F68B0}.Debug|Any CPU.ActiveCfg = Debug|Any CPU
		{51D83B74-9E29-4CC7-A3E5-CFB63D6F68B0}.Debug|Any CPU.Build.0 = Debug|Any CPU
		{51D83B74-9E29-4CC7-A3E5-CFB63D6F68B0}.Debug|x64.ActiveCfg = Debug|Any CPU
		{51D83B74-9E29-4CC7-A3E5-CFB63D6F68B0}.Debug|x64.Build.0 = Debug|Any CPU
		{51D83B74-9E29-4CC7-A3E5-CFB63D6F68B0}.Release|Any CPU.ActiveCfg = Release|Any CPU
		{51D83B74-9E29-4CC7-A3E5-CFB63D6F68B0}.Release|Any CPU.Build.0 = Release|Any CPU
		{51D83B74-9E29-4CC7-A3E5-CFB63D6F68B0}.Release|x64.ActiveCfg = Release|Any CPU
		{51D83B74-9E29-4CC7-A3E5-CFB63D6F68B0}.Release|x64.Build.0 = Release|Any CPU
		{34F6085A-4DD1-4B41-91A3-F7B03F8D5960}.Debug|Any CPU.ActiveCfg = Debug|Any CPU
		{34F6085A-4DD1-4B41-91A3-F7B03F8D5960}.Debug|Any CPU.Build.0 = Debug|Any CPU
		{34F6085A-4DD1-4B41-91A3-F7B03F8D5960}.Debug|x64.ActiveCfg = Debug|Any CPU
		{34F6085A-4DD1-4B41-91A3-F7B03F8D5960}.Debug|x64.Build.0 = Debug|Any CPU
		{34F6085A-4DD1-4B41-91A3-F7B03F8D5960}.Release|Any CPU.ActiveCfg = Release|Any CPU
		{34F6085A-4DD1-4B41-91A3-F7B03F8D5960}.Release|Any CPU.Build.0 = Release|Any CPU
		{34F6085A-4DD1-4B41-91A3-F7B03F8D5960}.Release|x64.ActiveCfg = Release|Any CPU
		{34F6085A-4DD1-4B41-91A3-F7B03F8D5960}.Release|x64.Build.0 = Release|Any CPU
		{33124124-5E5A-489B-A337-71D6CDC2E91C}.Debug|Any CPU.ActiveCfg = Debug|Any CPU
		{33124124-5E5A-489B-A337-71D6CDC2E91C}.Debug|Any CPU.Build.0 = Debug|Any CPU
		{33124124-5E5A-489B-A337-71D6CDC2E91C}.Debug|x64.ActiveCfg = Debug|Any CPU
		{33124124-5E5A-489B-A337-71D6CDC2E91C}.Debug|x64.Build.0 = Debug|Any CPU
		{33124124-5E5A-489B-A337-71D6CDC2E91C}.Release|Any CPU.ActiveCfg = Release|Any CPU
		{33124124-5E5A-489B-A337-71D6CDC2E91C}.Release|Any CPU.Build.0 = Release|Any CPU
		{33124124-5E5A-489B-A337-71D6CDC2E91C}.Release|x64.ActiveCfg = Release|Any CPU
		{33124124-5E5A-489B-A337-71D6CDC2E91C}.Release|x64.Build.0 = Release|Any CPU
		{D40F429A-6657-4AB4-BA0F-7CF3F1EC2871}.Debug|Any CPU.ActiveCfg = Debug|Any CPU
		{D40F429A-6657-4AB4-BA0F-7CF3F1EC2871}.Debug|Any CPU.Build.0 = Debug|Any CPU
		{D40F429A-6657-4AB4-BA0F-7CF3F1EC2871}.Debug|x64.ActiveCfg = Debug|Any CPU
		{D40F429A-6657-4AB4-BA0F-7CF3F1EC2871}.Debug|x64.Build.0 = Debug|Any CPU
		{D40F429A-6657-4AB4-BA0F-7CF3F1EC2871}.Release|Any CPU.ActiveCfg = Release|Any CPU
		{D40F429A-6657-4AB4-BA0F-7CF3F1EC2871}.Release|Any CPU.Build.0 = Release|Any CPU
		{D40F429A-6657-4AB4-BA0F-7CF3F1EC2871}.Release|x64.ActiveCfg = Release|Any CPU
		{D40F429A-6657-4AB4-BA0F-7CF3F1EC2871}.Release|x64.Build.0 = Release|Any CPU
		{4F7D22E2-ABAC-43BA-ACC2-BC3947844483}.Debug|Any CPU.ActiveCfg = Debug|Any CPU
		{4F7D22E2-ABAC-43BA-ACC2-BC3947844483}.Debug|Any CPU.Build.0 = Debug|Any CPU
		{4F7D22E2-ABAC-43BA-ACC2-BC3947844483}.Debug|x64.ActiveCfg = Debug|Any CPU
		{4F7D22E2-ABAC-43BA-ACC2-BC3947844483}.Debug|x64.Build.0 = Debug|Any CPU
		{4F7D22E2-ABAC-43BA-ACC2-BC3947844483}.Release|Any CPU.ActiveCfg = Release|Any CPU
		{4F7D22E2-ABAC-43BA-ACC2-BC3947844483}.Release|Any CPU.Build.0 = Release|Any CPU
		{4F7D22E2-ABAC-43BA-ACC2-BC3947844483}.Release|x64.ActiveCfg = Release|Any CPU
		{4F7D22E2-ABAC-43BA-ACC2-BC3947844483}.Release|x64.Build.0 = Release|Any CPU
		{588608A8-7718-4CA9-9118-B003C60CAF9F}.Debug|Any CPU.ActiveCfg = Debug|Any CPU
		{588608A8-7718-4CA9-9118-B003C60CAF9F}.Debug|Any CPU.Build.0 = Debug|Any CPU
		{588608A8-7718-4CA9-9118-B003C60CAF9F}.Debug|x64.ActiveCfg = Debug|Any CPU
		{588608A8-7718-4CA9-9118-B003C60CAF9F}.Debug|x64.Build.0 = Debug|Any CPU
		{588608A8-7718-4CA9-9118-B003C60CAF9F}.Release|Any CPU.ActiveCfg = Release|Any CPU
		{588608A8-7718-4CA9-9118-B003C60CAF9F}.Release|Any CPU.Build.0 = Release|Any CPU
		{588608A8-7718-4CA9-9118-B003C60CAF9F}.Release|x64.ActiveCfg = Release|Any CPU
		{588608A8-7718-4CA9-9118-B003C60CAF9F}.Release|x64.Build.0 = Release|Any CPU
		{916C9368-7481-4DF4-BFC3-59382AC0430D}.Debug|Any CPU.ActiveCfg = Debug|Any CPU
		{916C9368-7481-4DF4-BFC3-59382AC0430D}.Debug|Any CPU.Build.0 = Debug|Any CPU
		{916C9368-7481-4DF4-BFC3-59382AC0430D}.Debug|x64.ActiveCfg = Debug|Any CPU
		{916C9368-7481-4DF4-BFC3-59382AC0430D}.Debug|x64.Build.0 = Debug|Any CPU
		{916C9368-7481-4DF4-BFC3-59382AC0430D}.Release|Any CPU.ActiveCfg = Release|Any CPU
		{916C9368-7481-4DF4-BFC3-59382AC0430D}.Release|Any CPU.Build.0 = Release|Any CPU
		{916C9368-7481-4DF4-BFC3-59382AC0430D}.Release|x64.ActiveCfg = Release|Any CPU
		{916C9368-7481-4DF4-BFC3-59382AC0430D}.Release|x64.Build.0 = Release|Any CPU
		{F266265B-EA84-47DE-87C6-E069DBEFFBEF}.Debug|Any CPU.ActiveCfg = Debug|Any CPU
		{F266265B-EA84-47DE-87C6-E069DBEFFBEF}.Debug|Any CPU.Build.0 = Debug|Any CPU
		{F266265B-EA84-47DE-87C6-E069DBEFFBEF}.Debug|x64.ActiveCfg = Debug|Any CPU
		{F266265B-EA84-47DE-87C6-E069DBEFFBEF}.Debug|x64.Build.0 = Debug|Any CPU
		{F266265B-EA84-47DE-87C6-E069DBEFFBEF}.Release|Any CPU.ActiveCfg = Release|Any CPU
		{F266265B-EA84-47DE-87C6-E069DBEFFBEF}.Release|Any CPU.Build.0 = Release|Any CPU
		{F266265B-EA84-47DE-87C6-E069DBEFFBEF}.Release|x64.ActiveCfg = Release|Any CPU
		{F266265B-EA84-47DE-87C6-E069DBEFFBEF}.Release|x64.Build.0 = Release|Any CPU
		{1B751923-52F9-42A3-9934-88E58FBE5991}.Debug|Any CPU.ActiveCfg = Debug|Any CPU
		{1B751923-52F9-42A3-9934-88E58FBE5991}.Debug|Any CPU.Build.0 = Debug|Any CPU
		{1B751923-52F9-42A3-9934-88E58FBE5991}.Debug|x64.ActiveCfg = Debug|Any CPU
		{1B751923-52F9-42A3-9934-88E58FBE5991}.Debug|x64.Build.0 = Debug|Any CPU
		{1B751923-52F9-42A3-9934-88E58FBE5991}.Release|Any CPU.ActiveCfg = Release|Any CPU
		{1B751923-52F9-42A3-9934-88E58FBE5991}.Release|Any CPU.Build.0 = Release|Any CPU
		{1B751923-52F9-42A3-9934-88E58FBE5991}.Release|x64.ActiveCfg = Release|Any CPU
		{1B751923-52F9-42A3-9934-88E58FBE5991}.Release|x64.Build.0 = Release|Any CPU
	EndGlobalSection
	GlobalSection(SolutionProperties) = preSolution
		HideSolutionNode = FALSE
	EndGlobalSection
	GlobalSection(NestedProjects) = preSolution
		{1C7E509A-6E88-487F-8472-8DC59D7E891B} = {845EE051-7F8F-4333-9380-CD321DD44F6A}
		{B671C641-69E2-422A-A12B-06DB8ED60728} = {845EE051-7F8F-4333-9380-CD321DD44F6A}
		{E43C2AA1-6F9A-4653-BEB1-A857D46646CD} = {A580B090-1E9E-4E0A-A2D2-7B5959BDFEB3}
		{D5A240AB-C572-4BFC-854B-DF0BAFAB535C} = {A580B090-1E9E-4E0A-A2D2-7B5959BDFEB3}
		{54E53C15-E164-40C6-A928-9C85FCB90478} = {845EE051-7F8F-4333-9380-CD321DD44F6A}
		{30F1CB26-ED96-4107-A9A0-D4C8D0CF9E4D} = {A580B090-1E9E-4E0A-A2D2-7B5959BDFEB3}
		{88764CF1-5E44-4C73-8EEF-6B9EAFAD6D36} = {845EE051-7F8F-4333-9380-CD321DD44F6A}
		{B6562736-4D3A-4D31-805B-979A74371BF8} = {845EE051-7F8F-4333-9380-CD321DD44F6A}
		{EF95A6A9-E051-4E16-8DB4-5B9094F5473F} = {845EE051-7F8F-4333-9380-CD321DD44F6A}
		{5DA3B252-2AE8-4DBA-95D2-AA9AB92056C2} = {845EE051-7F8F-4333-9380-CD321DD44F6A}
		{87C9A1C6-6E01-45FE-8FCA-EE200DAA3CF5} = {845EE051-7F8F-4333-9380-CD321DD44F6A}
		{DEEA8772-F5B2-41D3-8FF1-BF7B40892943} = {845EE051-7F8F-4333-9380-CD321DD44F6A}
		{51D83B74-9E29-4CC7-A3E5-CFB63D6F68B0} = {845EE051-7F8F-4333-9380-CD321DD44F6A}
		{34F6085A-4DD1-4B41-91A3-F7B03F8D5960} = {845EE051-7F8F-4333-9380-CD321DD44F6A}
		{33124124-5E5A-489B-A337-71D6CDC2E91C} = {845EE051-7F8F-4333-9380-CD321DD44F6A}
		{D40F429A-6657-4AB4-BA0F-7CF3F1EC2871} = {845EE051-7F8F-4333-9380-CD321DD44F6A}
	EndGlobalSection
	GlobalSection(ExtensibilityGlobals) = postSolution
		SolutionGuid = {20336169-F92E-4732-8488-4D056F457FBA}
	EndGlobalSection
EndGlobal
