
Microsoft Visual Studio Solution File, Format Version 12.00
# Visual Studio Version 16
VisualStudioVersion = 16.0.29609.76
MinimumVisualStudioVersion = 10.0.40219.1
Project("{9A19103F-16F7-4668-BE54-9A1E7A4F7556}") = "Yd.Extensions", "Yd.Extensions\Yd.Extensions.csproj", "{532071FC-A8F7-4539-AFB4-F30DF538E0DD}"
EndProject
Project("{9A19103F-16F7-4668-BE54-9A1E7A4F7556}") = "Gentings", "..\Gentings\Gentings\Gentings.csproj", "{1C7E509A-6E88-487F-8472-8DC59D7E891B}"
EndProject
Project("{9A19103F-16F7-4668-BE54-9A1E7A4F7556}") = "Gentings.Identity", "..\Gentings\Gentings.Identity\Gentings.Identity.csproj", "{8A183319-DE4F-4A0E-BD63-F68A9F85A625}"
EndProject
Project("{9A19103F-16F7-4668-BE54-9A1E7A4F7556}") = "Gentings.Storages", "..\gentings\Gentings.Storages\Gentings.Storages.csproj", "{B671C641-69E2-422A-A12B-06DB8ED60728}"
EndProject
Project("{9A19103F-16F7-4668-BE54-9A1E7A4F7556}") = "Yd.Apis", "Yd.Apis\Yd.Apis.csproj", "{E43C2AA1-6F9A-4653-BEB1-A857D46646CD}"
EndProject
Project("{9A19103F-16F7-4668-BE54-9A1E7A4F7556}") = "Gentings.AspNetCore.RazorPages", "..\gentings\Gentings.AspNetCore.RazorPages\Gentings.AspNetCore.RazorPages.csproj", "{3EC7C6F7-6A4C-4FAB-ADBF-AE2F23884A15}"
EndProject
Project("{9A19103F-16F7-4668-BE54-9A1E7A4F7556}") = "Yd.RazorPages", "Yd.RazorPages\Yd.RazorPages.csproj", "{1DE19E50-133D-4B18-80B5-F9637FF4AC8F}"
EndProject
Project("{9A19103F-16F7-4668-BE54-9A1E7A4F7556}") = "Yd.Extensions.RazorPages", "Yd.Extensions.RazorPages\Yd.Extensions.RazorPages.csproj", "{B1558EB1-0963-4EDF-BBCC-F4B2056256A7}"
EndProject
Project("{2150E333-8FDC-42A3-9474-1A3956D46DE8}") = "lib", "lib", "{845EE051-7F8F-4333-9380-CD321DD44F6A}"
EndProject
Project("{2150E333-8FDC-42A3-9474-1A3956D46DE8}") = "apis", "apis", "{A580B090-1E9E-4E0A-A2D2-7B5959BDFEB3}"
EndProject
Project("{9A19103F-16F7-4668-BE54-9A1E7A4F7556}") = "Yd.WebUI", "Yd.WebUI\Yd.WebUI.csproj", "{D5A240AB-C572-4BFC-854B-DF0BAFAB535C}"
EndProject
Project("{9A19103F-16F7-4668-BE54-9A1E7A4F7556}") = "Gentings.Core", "..\gentings\Gentings.Core\Gentings.Core.csproj", "{6E7D0646-6905-4786-8C40-43337F91B146}"
EndProject
Project("{9A19103F-16F7-4668-BE54-9A1E7A4F7556}") = "Gentings.Projects", "..\projects\Gentings.Projects\Gentings.Projects.csproj", "{4A2AA11A-0462-4F17-B4C2-04BC9BCA733D}"
EndProject
Project("{9A19103F-16F7-4668-BE54-9A1E7A4F7556}") = "Gentings.Extensions.SMS", "..\gentings\Gentings.Extensions.SMS\Gentings.Extensions.SMS.csproj", "{F342686C-186C-4BAC-A634-13E24028760C}"
EndProject
Project("{9A19103F-16F7-4668-BE54-9A1E7A4F7556}") = "Gentings.AspNetCore.Emails", "..\gentings\Gentings.AspNetCore.Emails\Gentings.AspNetCore.Emails.csproj", "{D344F0DF-98AF-4CCF-9C8E-6CDE39DD121E}"
EndProject
Project("{9A19103F-16F7-4668-BE54-9A1E7A4F7556}") = "Gentings.Extensions.Emails", "..\gentings\Gentings.Extensions.Emails\Gentings.Extensions.Emails.csproj", "{D8B16834-1969-42CD-B55B-E7617723CD23}"
EndProject
Global
	GlobalSection(SolutionConfigurationPlatforms) = preSolution
		Debug|Any CPU = Debug|Any CPU
		Debug|x64 = Debug|x64
		Release|Any CPU = Release|Any CPU
		Release|x64 = Release|x64
	EndGlobalSection
	GlobalSection(ProjectConfigurationPlatforms) = postSolution
		{532071FC-A8F7-4539-AFB4-F30DF538E0DD}.Debug|Any CPU.ActiveCfg = Debug|Any CPU
		{532071FC-A8F7-4539-AFB4-F30DF538E0DD}.Debug|Any CPU.Build.0 = Debug|Any CPU
		{532071FC-A8F7-4539-AFB4-F30DF538E0DD}.Debug|x64.ActiveCfg = Debug|Any CPU
		{532071FC-A8F7-4539-AFB4-F30DF538E0DD}.Debug|x64.Build.0 = Debug|Any CPU
		{532071FC-A8F7-4539-AFB4-F30DF538E0DD}.Release|Any CPU.ActiveCfg = Release|Any CPU
		{532071FC-A8F7-4539-AFB4-F30DF538E0DD}.Release|Any CPU.Build.0 = Release|Any CPU
		{532071FC-A8F7-4539-AFB4-F30DF538E0DD}.Release|x64.ActiveCfg = Release|Any CPU
		{532071FC-A8F7-4539-AFB4-F30DF538E0DD}.Release|x64.Build.0 = Release|Any CPU
		{1C7E509A-6E88-487F-8472-8DC59D7E891B}.Debug|Any CPU.ActiveCfg = Debug|Any CPU
		{1C7E509A-6E88-487F-8472-8DC59D7E891B}.Debug|Any CPU.Build.0 = Debug|Any CPU
		{1C7E509A-6E88-487F-8472-8DC59D7E891B}.Debug|x64.ActiveCfg = Debug|Any CPU
		{1C7E509A-6E88-487F-8472-8DC59D7E891B}.Debug|x64.Build.0 = Debug|Any CPU
		{1C7E509A-6E88-487F-8472-8DC59D7E891B}.Release|Any CPU.ActiveCfg = Release|Any CPU
		{1C7E509A-6E88-487F-8472-8DC59D7E891B}.Release|Any CPU.Build.0 = Release|Any CPU
		{1C7E509A-6E88-487F-8472-8DC59D7E891B}.Release|x64.ActiveCfg = Release|Any CPU
		{1C7E509A-6E88-487F-8472-8DC59D7E891B}.Release|x64.Build.0 = Release|Any CPU
		{8A183319-DE4F-4A0E-BD63-F68A9F85A625}.Debug|Any CPU.ActiveCfg = Debug|Any CPU
		{8A183319-DE4F-4A0E-BD63-F68A9F85A625}.Debug|Any CPU.Build.0 = Debug|Any CPU
		{8A183319-DE4F-4A0E-BD63-F68A9F85A625}.Debug|x64.ActiveCfg = Debug|Any CPU
		{8A183319-DE4F-4A0E-BD63-F68A9F85A625}.Debug|x64.Build.0 = Debug|Any CPU
		{8A183319-DE4F-4A0E-BD63-F68A9F85A625}.Release|Any CPU.ActiveCfg = Release|Any CPU
		{8A183319-DE4F-4A0E-BD63-F68A9F85A625}.Release|Any CPU.Build.0 = Release|Any CPU
		{8A183319-DE4F-4A0E-BD63-F68A9F85A625}.Release|x64.ActiveCfg = Release|Any CPU
		{8A183319-DE4F-4A0E-BD63-F68A9F85A625}.Release|x64.Build.0 = Release|Any CPU
		{B671C641-69E2-422A-A12B-06DB8ED60728}.Debug|Any CPU.ActiveCfg = Debug|Any CPU
		{B671C641-69E2-422A-A12B-06DB8ED60728}.Debug|Any CPU.Build.0 = Debug|Any CPU
		{B671C641-69E2-422A-A12B-06DB8ED60728}.Debug|x64.ActiveCfg = Debug|Any CPU
		{B671C641-69E2-422A-A12B-06DB8ED60728}.Debug|x64.Build.0 = Debug|Any CPU
		{B671C641-69E2-422A-A12B-06DB8ED60728}.Release|Any CPU.ActiveCfg = Release|Any CPU
		{B671C641-69E2-422A-A12B-06DB8ED60728}.Release|Any CPU.Build.0 = Release|Any CPU
		{B671C641-69E2-422A-A12B-06DB8ED60728}.Release|x64.ActiveCfg = Release|Any CPU
		{B671C641-69E2-422A-A12B-06DB8ED60728}.Release|x64.Build.0 = Release|Any CPU
		{E43C2AA1-6F9A-4653-BEB1-A857D46646CD}.Debug|Any CPU.ActiveCfg = Debug|Any CPU
		{E43C2AA1-6F9A-4653-BEB1-A857D46646CD}.Debug|Any CPU.Build.0 = Debug|Any CPU
		{E43C2AA1-6F9A-4653-BEB1-A857D46646CD}.Debug|x64.ActiveCfg = Debug|Any CPU
		{E43C2AA1-6F9A-4653-BEB1-A857D46646CD}.Debug|x64.Build.0 = Debug|Any CPU
		{E43C2AA1-6F9A-4653-BEB1-A857D46646CD}.Release|Any CPU.ActiveCfg = Release|Any CPU
		{E43C2AA1-6F9A-4653-BEB1-A857D46646CD}.Release|Any CPU.Build.0 = Release|Any CPU
		{E43C2AA1-6F9A-4653-BEB1-A857D46646CD}.Release|x64.ActiveCfg = Release|Any CPU
		{E43C2AA1-6F9A-4653-BEB1-A857D46646CD}.Release|x64.Build.0 = Release|Any CPU
		{3EC7C6F7-6A4C-4FAB-ADBF-AE2F23884A15}.Debug|Any CPU.ActiveCfg = Debug|Any CPU
		{3EC7C6F7-6A4C-4FAB-ADBF-AE2F23884A15}.Debug|Any CPU.Build.0 = Debug|Any CPU
		{3EC7C6F7-6A4C-4FAB-ADBF-AE2F23884A15}.Debug|x64.ActiveCfg = Debug|Any CPU
		{3EC7C6F7-6A4C-4FAB-ADBF-AE2F23884A15}.Debug|x64.Build.0 = Debug|Any CPU
		{3EC7C6F7-6A4C-4FAB-ADBF-AE2F23884A15}.Release|Any CPU.ActiveCfg = Release|Any CPU
		{3EC7C6F7-6A4C-4FAB-ADBF-AE2F23884A15}.Release|Any CPU.Build.0 = Release|Any CPU
		{3EC7C6F7-6A4C-4FAB-ADBF-AE2F23884A15}.Release|x64.ActiveCfg = Release|Any CPU
		{3EC7C6F7-6A4C-4FAB-ADBF-AE2F23884A15}.Release|x64.Build.0 = Release|Any CPU
		{1DE19E50-133D-4B18-80B5-F9637FF4AC8F}.Debug|Any CPU.ActiveCfg = Debug|Any CPU
		{1DE19E50-133D-4B18-80B5-F9637FF4AC8F}.Debug|Any CPU.Build.0 = Debug|Any CPU
		{1DE19E50-133D-4B18-80B5-F9637FF4AC8F}.Debug|x64.ActiveCfg = Debug|Any CPU
		{1DE19E50-133D-4B18-80B5-F9637FF4AC8F}.Debug|x64.Build.0 = Debug|Any CPU
		{1DE19E50-133D-4B18-80B5-F9637FF4AC8F}.Release|Any CPU.ActiveCfg = Release|Any CPU
		{1DE19E50-133D-4B18-80B5-F9637FF4AC8F}.Release|Any CPU.Build.0 = Release|Any CPU
		{1DE19E50-133D-4B18-80B5-F9637FF4AC8F}.Release|x64.ActiveCfg = Release|Any CPU
		{1DE19E50-133D-4B18-80B5-F9637FF4AC8F}.Release|x64.Build.0 = Release|Any CPU
		{B1558EB1-0963-4EDF-BBCC-F4B2056256A7}.Debug|Any CPU.ActiveCfg = Debug|Any CPU
		{B1558EB1-0963-4EDF-BBCC-F4B2056256A7}.Debug|Any CPU.Build.0 = Debug|Any CPU
		{B1558EB1-0963-4EDF-BBCC-F4B2056256A7}.Debug|x64.ActiveCfg = Debug|Any CPU
		{B1558EB1-0963-4EDF-BBCC-F4B2056256A7}.Debug|x64.Build.0 = Debug|Any CPU
		{B1558EB1-0963-4EDF-BBCC-F4B2056256A7}.Release|Any CPU.ActiveCfg = Release|Any CPU
		{B1558EB1-0963-4EDF-BBCC-F4B2056256A7}.Release|Any CPU.Build.0 = Release|Any CPU
		{B1558EB1-0963-4EDF-BBCC-F4B2056256A7}.Release|x64.ActiveCfg = Release|Any CPU
		{B1558EB1-0963-4EDF-BBCC-F4B2056256A7}.Release|x64.Build.0 = Release|Any CPU
		{D5A240AB-C572-4BFC-854B-DF0BAFAB535C}.Debug|Any CPU.ActiveCfg = Debug|Any CPU
		{D5A240AB-C572-4BFC-854B-DF0BAFAB535C}.Debug|Any CPU.Build.0 = Debug|Any CPU
		{D5A240AB-C572-4BFC-854B-DF0BAFAB535C}.Debug|x64.ActiveCfg = Debug|Any CPU
		{D5A240AB-C572-4BFC-854B-DF0BAFAB535C}.Debug|x64.Build.0 = Debug|Any CPU
		{D5A240AB-C572-4BFC-854B-DF0BAFAB535C}.Release|Any CPU.ActiveCfg = Release|Any CPU
		{D5A240AB-C572-4BFC-854B-DF0BAFAB535C}.Release|Any CPU.Build.0 = Release|Any CPU
		{D5A240AB-C572-4BFC-854B-DF0BAFAB535C}.Release|x64.ActiveCfg = Release|Any CPU
		{D5A240AB-C572-4BFC-854B-DF0BAFAB535C}.Release|x64.Build.0 = Release|Any CPU
		{6E7D0646-6905-4786-8C40-43337F91B146}.Debug|Any CPU.ActiveCfg = Debug|Any CPU
		{6E7D0646-6905-4786-8C40-43337F91B146}.Debug|Any CPU.Build.0 = Debug|Any CPU
		{6E7D0646-6905-4786-8C40-43337F91B146}.Debug|x64.ActiveCfg = Debug|Any CPU
		{6E7D0646-6905-4786-8C40-43337F91B146}.Debug|x64.Build.0 = Debug|Any CPU
		{6E7D0646-6905-4786-8C40-43337F91B146}.Release|Any CPU.ActiveCfg = Release|Any CPU
		{6E7D0646-6905-4786-8C40-43337F91B146}.Release|Any CPU.Build.0 = Release|Any CPU
		{6E7D0646-6905-4786-8C40-43337F91B146}.Release|x64.ActiveCfg = Release|Any CPU
		{6E7D0646-6905-4786-8C40-43337F91B146}.Release|x64.Build.0 = Release|Any CPU
		{4A2AA11A-0462-4F17-B4C2-04BC9BCA733D}.Debug|Any CPU.ActiveCfg = Debug|Any CPU
		{4A2AA11A-0462-4F17-B4C2-04BC9BCA733D}.Debug|Any CPU.Build.0 = Debug|Any CPU
		{4A2AA11A-0462-4F17-B4C2-04BC9BCA733D}.Debug|x64.ActiveCfg = Debug|Any CPU
		{4A2AA11A-0462-4F17-B4C2-04BC9BCA733D}.Debug|x64.Build.0 = Debug|Any CPU
		{4A2AA11A-0462-4F17-B4C2-04BC9BCA733D}.Release|Any CPU.ActiveCfg = Release|Any CPU
		{4A2AA11A-0462-4F17-B4C2-04BC9BCA733D}.Release|Any CPU.Build.0 = Release|Any CPU
		{4A2AA11A-0462-4F17-B4C2-04BC9BCA733D}.Release|x64.ActiveCfg = Release|Any CPU
		{4A2AA11A-0462-4F17-B4C2-04BC9BCA733D}.Release|x64.Build.0 = Release|Any CPU
		{F342686C-186C-4BAC-A634-13E24028760C}.Debug|Any CPU.ActiveCfg = Debug|Any CPU
		{F342686C-186C-4BAC-A634-13E24028760C}.Debug|Any CPU.Build.0 = Debug|Any CPU
		{F342686C-186C-4BAC-A634-13E24028760C}.Debug|x64.ActiveCfg = Debug|Any CPU
		{F342686C-186C-4BAC-A634-13E24028760C}.Debug|x64.Build.0 = Debug|Any CPU
		{F342686C-186C-4BAC-A634-13E24028760C}.Release|Any CPU.ActiveCfg = Release|Any CPU
		{F342686C-186C-4BAC-A634-13E24028760C}.Release|Any CPU.Build.0 = Release|Any CPU
		{F342686C-186C-4BAC-A634-13E24028760C}.Release|x64.ActiveCfg = Release|Any CPU
		{F342686C-186C-4BAC-A634-13E24028760C}.Release|x64.Build.0 = Release|Any CPU
		{D344F0DF-98AF-4CCF-9C8E-6CDE39DD121E}.Debug|Any CPU.ActiveCfg = Debug|Any CPU
		{D344F0DF-98AF-4CCF-9C8E-6CDE39DD121E}.Debug|Any CPU.Build.0 = Debug|Any CPU
		{D344F0DF-98AF-4CCF-9C8E-6CDE39DD121E}.Debug|x64.ActiveCfg = Debug|Any CPU
		{D344F0DF-98AF-4CCF-9C8E-6CDE39DD121E}.Debug|x64.Build.0 = Debug|Any CPU
		{D344F0DF-98AF-4CCF-9C8E-6CDE39DD121E}.Release|Any CPU.ActiveCfg = Release|Any CPU
		{D344F0DF-98AF-4CCF-9C8E-6CDE39DD121E}.Release|Any CPU.Build.0 = Release|Any CPU
		{D344F0DF-98AF-4CCF-9C8E-6CDE39DD121E}.Release|x64.ActiveCfg = Release|Any CPU
		{D344F0DF-98AF-4CCF-9C8E-6CDE39DD121E}.Release|x64.Build.0 = Release|Any CPU
		{D8B16834-1969-42CD-B55B-E7617723CD23}.Debug|Any CPU.ActiveCfg = Debug|Any CPU
		{D8B16834-1969-42CD-B55B-E7617723CD23}.Debug|Any CPU.Build.0 = Debug|Any CPU
		{D8B16834-1969-42CD-B55B-E7617723CD23}.Debug|x64.ActiveCfg = Debug|Any CPU
		{D8B16834-1969-42CD-B55B-E7617723CD23}.Debug|x64.Build.0 = Debug|Any CPU
		{D8B16834-1969-42CD-B55B-E7617723CD23}.Release|Any CPU.ActiveCfg = Release|Any CPU
		{D8B16834-1969-42CD-B55B-E7617723CD23}.Release|Any CPU.Build.0 = Release|Any CPU
		{D8B16834-1969-42CD-B55B-E7617723CD23}.Release|x64.ActiveCfg = Release|Any CPU
		{D8B16834-1969-42CD-B55B-E7617723CD23}.Release|x64.Build.0 = Release|Any CPU
	EndGlobalSection
	GlobalSection(SolutionProperties) = preSolution
		HideSolutionNode = FALSE
	EndGlobalSection
	GlobalSection(NestedProjects) = preSolution
		{1C7E509A-6E88-487F-8472-8DC59D7E891B} = {845EE051-7F8F-4333-9380-CD321DD44F6A}
		{8A183319-DE4F-4A0E-BD63-F68A9F85A625} = {845EE051-7F8F-4333-9380-CD321DD44F6A}
		{B671C641-69E2-422A-A12B-06DB8ED60728} = {845EE051-7F8F-4333-9380-CD321DD44F6A}
		{E43C2AA1-6F9A-4653-BEB1-A857D46646CD} = {A580B090-1E9E-4E0A-A2D2-7B5959BDFEB3}
		{3EC7C6F7-6A4C-4FAB-ADBF-AE2F23884A15} = {845EE051-7F8F-4333-9380-CD321DD44F6A}
		{D5A240AB-C572-4BFC-854B-DF0BAFAB535C} = {A580B090-1E9E-4E0A-A2D2-7B5959BDFEB3}
		{6E7D0646-6905-4786-8C40-43337F91B146} = {845EE051-7F8F-4333-9380-CD321DD44F6A}
		{4A2AA11A-0462-4F17-B4C2-04BC9BCA733D} = {845EE051-7F8F-4333-9380-CD321DD44F6A}
		{F342686C-186C-4BAC-A634-13E24028760C} = {845EE051-7F8F-4333-9380-CD321DD44F6A}
		{D344F0DF-98AF-4CCF-9C8E-6CDE39DD121E} = {845EE051-7F8F-4333-9380-CD321DD44F6A}
		{D8B16834-1969-42CD-B55B-E7617723CD23} = {845EE051-7F8F-4333-9380-CD321DD44F6A}
	EndGlobalSection
	GlobalSection(ExtensibilityGlobals) = postSolution
		SolutionGuid = {20336169-F92E-4732-8488-4D056F457FBA}
	EndGlobalSection
EndGlobal
